
Microsoft Visual Studio Solution File, Format Version 12.00
# Visual Studio 2012
Project("{FAE04EC0-301F-11D3-BF4B-00C04F79EFBC}") = "ArtistBasePage", "ArtistBasePage\ArtistBasePage.csproj", "{7DF95A2E-5C14-4FEB-BE05-BB3B3A68F71D}"
EndProject
Project("{2150E333-8FDC-42A3-9474-1A3956D46DE8}") = ".nuget", ".nuget", "{D47BEBBA-0175-4A2C-8DB3-08346FF4EE7D}"
	ProjectSection(SolutionItems) = preProject
		.nuget\NuGet.Config = .nuget\NuGet.Config
		.nuget\NuGet.exe = .nuget\NuGet.exe
		.nuget\NuGet.targets = .nuget\NuGet.targets
	EndProjectSection
EndProject
Project("{FAE04EC0-301F-11D3-BF4B-00C04F79EFBC}") = "Domain", "Domain\Domain.csproj", "{F0E4CE0D-99E0-480F-813A-EB88C0E719CF}"
EndProject
Project("{FAE04EC0-301F-11D3-BF4B-00C04F79EFBC}") = "Infrastructure", "Infrastructure\Infrastructure.csproj", "{429E37A5-3142-432D-809E-5CA59EF7A55D}"
EndProject
Project("{FAE04EC0-301F-11D3-BF4B-00C04F79EFBC}") = "dotLastFm", "dotLastFm\dotLastFm.csproj", "{E20DADDD-C52D-4E51-8974-E4EF1E7A34B0}"
EndProject
Project("{FAE04EC0-301F-11D3-BF4B-00C04F79EFBC}") = "Facebook", "Facebook\Facebook.csproj", "{BC1D5DA5-FE51-42B4-98E4-E84617C7D4C0}"
EndProject
Project("{FAE04EC0-301F-11D3-BF4B-00C04F79EFBC}") = "TestApplication", "TestApplication\TestApplication.csproj", "{D98CE1A3-E6FF-4953-9C7F-66C9555430B3}"
EndProject
Project("{FAE04EC0-301F-11D3-BF4B-00C04F79EFBC}") = "Youtube", "Youtube\Youtube.csproj", "{290B25AE-63D6-49D7-B087-F75BC2C731A4}"
EndProject
Global
	GlobalSection(SolutionConfigurationPlatforms) = preSolution
		Debug|Any CPU = Debug|Any CPU
		Release|Any CPU = Release|Any CPU
	EndGlobalSection
	GlobalSection(ProjectConfigurationPlatforms) = postSolution
		{7DF95A2E-5C14-4FEB-BE05-BB3B3A68F71D}.Debug|Any CPU.ActiveCfg = Debug|Any CPU
		{7DF95A2E-5C14-4FEB-BE05-BB3B3A68F71D}.Debug|Any CPU.Build.0 = Debug|Any CPU
		{7DF95A2E-5C14-4FEB-BE05-BB3B3A68F71D}.Release|Any CPU.ActiveCfg = Release|Any CPU
		{7DF95A2E-5C14-4FEB-BE05-BB3B3A68F71D}.Release|Any CPU.Build.0 = Release|Any CPU
		{F0E4CE0D-99E0-480F-813A-EB88C0E719CF}.Debug|Any CPU.ActiveCfg = Debug|Any CPU
		{F0E4CE0D-99E0-480F-813A-EB88C0E719CF}.Debug|Any CPU.Build.0 = Debug|Any CPU
		{F0E4CE0D-99E0-480F-813A-EB88C0E719CF}.Release|Any CPU.ActiveCfg = Release|Any CPU
		{F0E4CE0D-99E0-480F-813A-EB88C0E719CF}.Release|Any CPU.Build.0 = Release|Any CPU
		{429E37A5-3142-432D-809E-5CA59EF7A55D}.Debug|Any CPU.ActiveCfg = Debug|Any CPU
		{429E37A5-3142-432D-809E-5CA59EF7A55D}.Debug|Any CPU.Build.0 = Debug|Any CPU
		{429E37A5-3142-432D-809E-5CA59EF7A55D}.Release|Any CPU.ActiveCfg = Release|Any CPU
		{429E37A5-3142-432D-809E-5CA59EF7A55D}.Release|Any CPU.Build.0 = Release|Any CPU
		{E20DADDD-C52D-4E51-8974-E4EF1E7A34B0}.Debug|Any CPU.ActiveCfg = Debug|Any CPU
		{E20DADDD-C52D-4E51-8974-E4EF1E7A34B0}.Debug|Any CPU.Build.0 = Debug|Any CPU
		{E20DADDD-C52D-4E51-8974-E4EF1E7A34B0}.Release|Any CPU.ActiveCfg = Release|Any CPU
		{E20DADDD-C52D-4E51-8974-E4EF1E7A34B0}.Release|Any CPU.Build.0 = Release|Any CPU
		{BC1D5DA5-FE51-42B4-98E4-E84617C7D4C0}.Debug|Any CPU.ActiveCfg = Debug|Any CPU
		{BC1D5DA5-FE51-42B4-98E4-E84617C7D4C0}.Debug|Any CPU.Build.0 = Debug|Any CPU
		{BC1D5DA5-FE51-42B4-98E4-E84617C7D4C0}.Release|Any CPU.ActiveCfg = Release|Any CPU
		{BC1D5DA5-FE51-42B4-98E4-E84617C7D4C0}.Release|Any CPU.Build.0 = Release|Any CPU
		{D98CE1A3-E6FF-4953-9C7F-66C9555430B3}.Debug|Any CPU.ActiveCfg = Debug|Any CPU
		{D98CE1A3-E6FF-4953-9C7F-66C9555430B3}.Debug|Any CPU.Build.0 = Debug|Any CPU
		{D98CE1A3-E6FF-4953-9C7F-66C9555430B3}.Release|Any CPU.ActiveCfg = Release|Any CPU
		{D98CE1A3-E6FF-4953-9C7F-66C9555430B3}.Release|Any CPU.Build.0 = Release|Any CPU
		{290B25AE-63D6-49D7-B087-F75BC2C731A4}.Debug|Any CPU.ActiveCfg = Debug|Any CPU
		{290B25AE-63D6-49D7-B087-F75BC2C731A4}.Debug|Any CPU.Build.0 = Debug|Any CPU
		{290B25AE-63D6-49D7-B087-F75BC2C731A4}.Release|Any CPU.ActiveCfg = Release|Any CPU
		{290B25AE-63D6-49D7-B087-F75BC2C731A4}.Release|Any CPU.Build.0 = Release|Any CPU
	EndGlobalSection
	GlobalSection(SolutionProperties) = preSolution
		HideSolutionNode = FALSE
	EndGlobalSection
EndGlobal
